
Microsoft Visual Studio Solution File, Format Version 12.00
# Visual Studio Version 17
VisualStudioVersion = 17.5.2.0
MinimumVisualStudioVersion = 10.0.40219.1
Project("{2150E333-8FDC-42A3-9474-1A3956D46DE8}") = "subsystem2-medicalDataManagement", "subsystem2-medicalDataManagement", "{AFC33B04-C0EC-2A2E-E131-1DC717E9944A}"
EndProject
Project("{2150E333-8FDC-42A3-9474-1A3956D46DE8}") = "source", "source", "{A6C59A4F-B4D2-DAEA-0A70-D7435AD44415}"
EndProject
Project("{2150E333-8FDC-42A3-9474-1A3956D46DE8}") = "medicalDataSystem", "medicalDataSystem", "{C7A73002-9DA6-E571-9942-0EFE0D0A130B}"
EndProject
Project("{FAE04EC0-301F-11D3-BF4B-00C04F79EFBC}") = "MedicalDataSystem", "subsystem2-medicalDataManagement\source\medicalDataSystem\MedicalDataSystem.csproj", "{5FF3B7DE-D879-49AE-A1DF-A1FC5235DD9D}"
EndProject
Global
	GlobalSection(SolutionConfigurationPlatforms) = preSolution
		Debug|Any CPU = Debug|Any CPU
		Debug|x64 = Debug|x64
		Debug|x86 = Debug|x86
		Release|Any CPU = Release|Any CPU
		Release|x64 = Release|x64
		Release|x86 = Release|x86
	EndGlobalSection
	GlobalSection(ProjectConfigurationPlatforms) = postSolution
		{5FF3B7DE-D879-49AE-A1DF-A1FC5235DD9D}.Debug|Any CPU.ActiveCfg = Debug|Any CPU
		{5FF3B7DE-D879-49AE-A1DF-A1FC5235DD9D}.Debug|Any CPU.Build.0 = Debug|Any CPU
		{5FF3B7DE-D879-49AE-A1DF-A1FC5235DD9D}.Debug|x64.ActiveCfg = Debug|Any CPU
		{5FF3B7DE-D879-49AE-A1DF-A1FC5235DD9D}.Debug|x64.Build.0 = Debug|Any CPU
		{5FF3B7DE-D879-49AE-A1DF-A1FC5235DD9D}.Debug|x86.ActiveCfg = Debug|Any CPU
		{5FF3B7DE-D879-49AE-A1DF-A1FC5235DD9D}.Debug|x86.Build.0 = Debug|Any CPU
		{5FF3B7DE-D879-49AE-A1DF-A1FC5235DD9D}.Release|Any CPU.ActiveCfg = Release|Any CPU
		{5FF3B7DE-D879-49AE-A1DF-A1FC5235DD9D}.Release|Any CPU.Build.0 = Release|Any CPU
		{5FF3B7DE-D879-49AE-A1DF-A1FC5235DD9D}.Release|x64.ActiveCfg = Release|Any CPU
		{5FF3B7DE-D879-49AE-A1DF-A1FC5235DD9D}.Release|x64.Build.0 = Release|Any CPU
		{5FF3B7DE-D879-49AE-A1DF-A1FC5235DD9D}.Release|x86.ActiveCfg = Release|Any CPU
		{5FF3B7DE-D879-49AE-A1DF-A1FC5235DD9D}.Release|x86.Build.0 = Release|Any CPU
	EndGlobalSection
	GlobalSection(SolutionProperties) = preSolution
		HideSolutionNode = FALSE
	EndGlobalSection
	GlobalSection(NestedProjects) = preSolution
		{A6C59A4F-B4D2-DAEA-0A70-D7435AD44415} = {AFC33B04-C0EC-2A2E-E131-1DC717E9944A}
		{C7A73002-9DA6-E571-9942-0EFE0D0A130B} = {A6C59A4F-B4D2-DAEA-0A70-D7435AD44415}
		{5FF3B7DE-D879-49AE-A1DF-A1FC5235DD9D} = {C7A73002-9DA6-E571-9942-0EFE0D0A130B}
	EndGlobalSection
	GlobalSection(ExtensibilityGlobals) = postSolution
		SolutionGuid = {C0CBD8BD-E9AB-4943-A936-322579EBB9E1}
	EndGlobalSection
EndGlobal
